
Microsoft Visual Studio Solution File, Format Version 12.00
# Visual Studio Version 17
VisualStudioVersion = 17.11.35219.272
MinimumVisualStudioVersion = 10.0.40219.1
Project("{FAE04EC0-301F-11D3-BF4B-00C04F79EFBC}") = "Solicitutes Api Rest", "Solicitutes Api Rest\Solicitutes Api Rest.csproj", "{FD353056-16D7-42F1-94B0-204220A05A01}"
EndProject
Global
	GlobalSection(SolutionConfigurationPlatforms) = preSolution
		Debug|Any CPU = Debug|Any CPU
		Release|Any CPU = Release|Any CPU
	EndGlobalSection
	GlobalSection(ProjectConfigurationPlatforms) = postSolution
		{FD353056-16D7-42F1-94B0-204220A05A01}.Debug|Any CPU.ActiveCfg = Debug|Any CPU
		{FD353056-16D7-42F1-94B0-204220A05A01}.Debug|Any CPU.Build.0 = Debug|Any CPU
		{FD353056-16D7-42F1-94B0-204220A05A01}.Release|Any CPU.ActiveCfg = Release|Any CPU
		{FD353056-16D7-42F1-94B0-204220A05A01}.Release|Any CPU.Build.0 = Release|Any CPU
	EndGlobalSection
	GlobalSection(SolutionProperties) = preSolution
		HideSolutionNode = FALSE
	EndGlobalSection
	GlobalSection(ExtensibilityGlobals) = postSolution
		SolutionGuid = {CAF53782-234D-4787-9B41-2DF0E41D9C89}
	EndGlobalSection
EndGlobal
